
Microsoft Visual Studio Solution File, Format Version 12.00
# Visual Studio 2013
VisualStudioVersion = 12.0.21005.1
MinimumVisualStudioVersion = 10.0.40219.1
Project("{FAE04EC0-301F-11D3-BF4B-00C04F79EFBC}") = "Chisoyhoc_API", "Chisoyhoc_API\Chisoyhoc_API.csproj", "{CD06F0E4-D02B-45AC-9C0D-15ED25754982}"
EndProject
Project("{FAE04EC0-301F-11D3-BF4B-00C04F79EFBC}") = "Chisoyhoc_Form", "Chisoyhoc_Form\Chisoyhoc_Form.csproj", "{C37A6E3F-D1B4-42C1-9828-2D06FCD48048}"
EndProject
Project("{FAE04EC0-301F-11D3-BF4B-00C04F79EFBC}") = "Chisoyhoc_MVC", "Chisoyhoc_MVC\Chisoyhoc_MVC.csproj", "{0BBC3D99-2066-4C72-B488-2E706CBD714F}"
EndProject
Project("{FAE04EC0-301F-11D3-BF4B-00C04F79EFBC}") = "ClassChung", "ClassLibrary1\ClassChung.csproj", "{7C93A164-074A-4379-BBDD-55A839B2CF97}"
EndProject
Global
	GlobalSection(SolutionConfigurationPlatforms) = preSolution
		Debug|Any CPU = Debug|Any CPU
		Release|Any CPU = Release|Any CPU
	EndGlobalSection
	GlobalSection(ProjectConfigurationPlatforms) = postSolution
		{CD06F0E4-D02B-45AC-9C0D-15ED25754982}.Debug|Any CPU.ActiveCfg = Debug|Any CPU
		{CD06F0E4-D02B-45AC-9C0D-15ED25754982}.Debug|Any CPU.Build.0 = Debug|Any CPU
		{CD06F0E4-D02B-45AC-9C0D-15ED25754982}.Release|Any CPU.ActiveCfg = Release|Any CPU
		{CD06F0E4-D02B-45AC-9C0D-15ED25754982}.Release|Any CPU.Build.0 = Release|Any CPU
		{C37A6E3F-D1B4-42C1-9828-2D06FCD48048}.Debug|Any CPU.ActiveCfg = Debug|Any CPU
		{C37A6E3F-D1B4-42C1-9828-2D06FCD48048}.Debug|Any CPU.Build.0 = Debug|Any CPU
		{C37A6E3F-D1B4-42C1-9828-2D06FCD48048}.Release|Any CPU.ActiveCfg = Release|Any CPU
		{C37A6E3F-D1B4-42C1-9828-2D06FCD48048}.Release|Any CPU.Build.0 = Release|Any CPU
		{0BBC3D99-2066-4C72-B488-2E706CBD714F}.Debug|Any CPU.ActiveCfg = Debug|Any CPU
		{0BBC3D99-2066-4C72-B488-2E706CBD714F}.Debug|Any CPU.Build.0 = Debug|Any CPU
		{0BBC3D99-2066-4C72-B488-2E706CBD714F}.Release|Any CPU.ActiveCfg = Release|Any CPU
		{0BBC3D99-2066-4C72-B488-2E706CBD714F}.Release|Any CPU.Build.0 = Release|Any CPU
		{7C93A164-074A-4379-BBDD-55A839B2CF97}.Debug|Any CPU.ActiveCfg = Debug|Any CPU
		{7C93A164-074A-4379-BBDD-55A839B2CF97}.Debug|Any CPU.Build.0 = Debug|Any CPU
		{7C93A164-074A-4379-BBDD-55A839B2CF97}.Release|Any CPU.ActiveCfg = Release|Any CPU
		{7C93A164-074A-4379-BBDD-55A839B2CF97}.Release|Any CPU.Build.0 = Release|Any CPU
	EndGlobalSection
	GlobalSection(SolutionProperties) = preSolution
		HideSolutionNode = FALSE
	EndGlobalSection
EndGlobal
